// !$*UTF8*$!
{
	archiveVersion = 1;
	classes = {
	};
	objectVersion = 56;
	objects = {

/* Begin PBXBuildFile section */
		D3FCA6732BDD48AD00DCA50F /* shoppingApp.swift in Sources */ = {isa = PBXBuildFile; fileRef = D3FCA6722BDD48AD00DCA50F /* shoppingApp.swift */; };
		D3FCA6752BDD48AD00DCA50F /* ContentView.swift in Sources */ = {isa = PBXBuildFile; fileRef = D3FCA6742BDD48AD00DCA50F /* ContentView.swift */; };
		D3FCA6772BDD48AE00DCA50F /* Assets.xcassets in Resources */ = {isa = PBXBuildFile; fileRef = D3FCA6762BDD48AE00DCA50F /* Assets.xcassets */; };
		D3FCA67A2BDD48AE00DCA50F /* Preview Assets.xcassets in Resources */ = {isa = PBXBuildFile; fileRef = D3FCA6792BDD48AE00DCA50F /* Preview Assets.xcassets */; };
		D3FCA6812BDD49FC00DCA50F /* OnboardingScreenView.swift in Sources */ = {isa = PBXBuildFile; fileRef = D3FCA6802BDD49FC00DCA50F /* OnboardingScreenView.swift */; };
		D3FCA6842BDD4A4300DCA50F /* HomeScreen.swift in Sources */ = {isa = PBXBuildFile; fileRef = D3FCA6832BDD4A4300DCA50F /* HomeScreen.swift */; };
		D3FCA6872BDD50CF00DCA50F /* ImageData.swift in Sources */ = {isa = PBXBuildFile; fileRef = D3FCA6862BDD50CF00DCA50F /* ImageData.swift */; };
		D3FCA6892BDD50DC00DCA50F /* NearYouData.swift in Sources */ = {isa = PBXBuildFile; fileRef = D3FCA6882BDD50DC00DCA50F /* NearYouData.swift */; };
		D3FCA68B2BDD52C700DCA50F /* FruitCardView.swift in Sources */ = {isa = PBXBuildFile; fileRef = D3FCA68A2BDD52C700DCA50F /* FruitCardView.swift */; };
		D3FCA68D2BDD567400DCA50F /* DetailsView.swift in Sources */ = {isa = PBXBuildFile; fileRef = D3FCA68C2BDD567400DCA50F /* DetailsView.swift */; };
/* End PBXBuildFile section */

/* Begin PBXFileReference section */
		D3FCA66F2BDD48AD00DCA50F /* shopping.app */ = {isa = PBXFileReference; explicitFileType = wrapper.application; includeInIndex = 0; path = shopping.app; sourceTree = BUILT_PRODUCTS_DIR; };
		D3FCA6722BDD48AD00DCA50F /* shoppingApp.swift */ = {isa = PBXFileReference; lastKnownFileType = sourcecode.swift; path = shoppingApp.swift; sourceTree = "<group>"; };
		D3FCA6742BDD48AD00DCA50F /* ContentView.swift */ = {isa = PBXFileReference; lastKnownFileType = sourcecode.swift; path = ContentView.swift; sourceTree = "<group>"; };
		D3FCA6762BDD48AE00DCA50F /* Assets.xcassets */ = {isa = PBXFileReference; lastKnownFileType = folder.assetcatalog; path = Assets.xcassets; sourceTree = "<group>"; };
		D3FCA6792BDD48AE00DCA50F /* Preview Assets.xcassets */ = {isa = PBXFileReference; lastKnownFileType = folder.assetcatalog; path = "Preview Assets.xcassets"; sourceTree = "<group>"; };
		D3FCA6802BDD49FC00DCA50F /* OnboardingScreenView.swift */ = {isa = PBXFileReference; lastKnownFileType = sourcecode.swift; path = OnboardingScreenView.swift; sourceTree = "<group>"; };
		D3FCA6832BDD4A4300DCA50F /* HomeScreen.swift */ = {isa = PBXFileReference; lastKnownFileType = sourcecode.swift; path = HomeScreen.swift; sourceTree = "<group>"; };
		D3FCA6862BDD50CF00DCA50F /* ImageData.swift */ = {isa = PBXFileReference; lastKnownFileType = sourcecode.swift; path = ImageData.swift; sourceTree = "<group>"; };
		D3FCA6882BDD50DC00DCA50F /* NearYouData.swift */ = {isa = PBXFileReference; lastKnownFileType = sourcecode.swift; path = NearYouData.swift; sourceTree = "<group>"; };
		D3FCA68A2BDD52C700DCA50F /* FruitCardView.swift */ = {isa = PBXFileReference; lastKnownFileType = sourcecode.swift; path = FruitCardView.swift; sourceTree = "<group>"; };
		D3FCA68C2BDD567400DCA50F /* DetailsView.swift */ = {isa = PBXFileReference; lastKnownFileType = sourcecode.swift; path = DetailsView.swift; sourceTree = "<group>"; };
/* End PBXFileReference section */

/* Begin PBXFrameworksBuildPhase section */
		D3FCA66C2BDD48AD00DCA50F /* Frameworks */ = {
			isa = PBXFrameworksBuildPhase;
			buildActionMask = 2147483647;
			files = (
			);
			runOnlyForDeploymentPostprocessing = 0;
		};
/* End PBXFrameworksBuildPhase section */

/* Begin PBXGroup section */
		D3FCA6662BDD48AD00DCA50F = {
			isa = PBXGroup;
			children = (
				D3FCA6712BDD48AD00DCA50F /* shopping */,
				D3FCA6702BDD48AD00DCA50F /* Products */,
			);
			sourceTree = "<group>";
		};
		D3FCA6702BDD48AD00DCA50F /* Products */ = {
			isa = PBXGroup;
			children = (
				D3FCA66F2BDD48AD00DCA50F /* shopping.app */,
			);
			name = Products;
			sourceTree = "<group>";
		};
		D3FCA6712BDD48AD00DCA50F /* shopping */ = {
			isa = PBXGroup;
			children = (
				D3FCA6852BDD50B800DCA50F /* Model */,
				D3FCA6822BDD4A2900DCA50F /* HomeScreenViews */,
				D3FCA6722BDD48AD00DCA50F /* shoppingApp.swift */,
				D3FCA6802BDD49FC00DCA50F /* OnboardingScreenView.swift */,
				D3FCA6742BDD48AD00DCA50F /* ContentView.swift */,
				D3FCA6762BDD48AE00DCA50F /* Assets.xcassets */,
				D3FCA6782BDD48AE00DCA50F /* Preview Content */,
			);
			path = shopping;
			sourceTree = "<group>";
		};
		D3FCA6782BDD48AE00DCA50F /* Preview Content */ = {
			isa = PBXGroup;
			children = (
				D3FCA6792BDD48AE00DCA50F /* Preview Assets.xcassets */,
			);
			path = "Preview Content";
			sourceTree = "<group>";
		};
		D3FCA6822BDD4A2900DCA50F /* HomeScreenViews */ = {
			isa = PBXGroup;
			children = (
				D3FCA6832BDD4A4300DCA50F /* HomeScreen.swift */,
				D3FCA68A2BDD52C700DCA50F /* FruitCardView.swift */,
				D3FCA68C2BDD567400DCA50F /* DetailsView.swift */,
			);
			path = HomeScreenViews;
			sourceTree = "<group>";
		};
		D3FCA6852BDD50B800DCA50F /* Model */ = {
			isa = PBXGroup;
			children = (
				D3FCA6862BDD50CF00DCA50F /* ImageData.swift */,
				D3FCA6882BDD50DC00DCA50F /* NearYouData.swift */,
			);
			path = Model;
			sourceTree = "<group>";
		};
/* End PBXGroup section */

/* Begin PBXNativeTarget section */
		D3FCA66E2BDD48AD00DCA50F /* shopping */ = {
			isa = PBXNativeTarget;
			buildConfigurationList = D3FCA67D2BDD48AE00DCA50F /* Build configuration list for PBXNativeTarget "shopping" */;
			buildPhases = (
				D3FCA66B2BDD48AD00DCA50F /* Sources */,
				D3FCA66C2BDD48AD00DCA50F /* Frameworks */,
				D3FCA66D2BDD48AD00DCA50F /* Resources */,
			);
			buildRules = (
			);
			dependencies = (
			);
			name = shopping;
			productName = shopping;
			productReference = D3FCA66F2BDD48AD00DCA50F /* shopping.app */;
			productType = "com.apple.product-type.application";
		};
/* End PBXNativeTarget section */

/* Begin PBXProject section */
		D3FCA6672BDD48AD00DCA50F /* Project object */ = {
			isa = PBXProject;
			attributes = {
				BuildIndependentTargetsInParallel = 1;
				LastSwiftUpdateCheck = 1530;
				LastUpgradeCheck = 1530;
				TargetAttributes = {
					D3FCA66E2BDD48AD00DCA50F = {
						CreatedOnToolsVersion = 15.3;
					};
				};
			};
			buildConfigurationList = D3FCA66A2BDD48AD00DCA50F /* Build configuration list for PBXProject "shopping" */;
			compatibilityVersion = "Xcode 14.0";
			developmentRegion = en;
			hasScannedForEncodings = 0;
			knownRegions = (
				en,
				Base,
			);
			mainGroup = D3FCA6662BDD48AD00DCA50F;
			productRefGroup = D3FCA6702BDD48AD00DCA50F /* Products */;
			projectDirPath = "";
			projectRoot = "";
			targets = (
				D3FCA66E2BDD48AD00DCA50F /* shopping */,
			);
		};
/* End PBXProject section */

/* Begin PBXResourcesBuildPhase section */
		D3FCA66D2BDD48AD00DCA50F /* Resources */ = {
			isa = PBXResourcesBuildPhase;
			buildActionMask = 2147483647;
			files = (
				D3FCA67A2BDD48AE00DCA50F /* Preview Assets.xcassets in Resources */,
				D3FCA6772BDD48AE00DCA50F /* Assets.xcassets in Resources */,
			);
			runOnlyForDeploymentPostprocessing = 0;
		};
/* End PBXResourcesBuildPhase section */

/* Begin PBXSourcesBuildPhase section */
		D3FCA66B2BDD48AD00DCA50F /* Sources */ = {
			isa = PBXSourcesBuildPhase;
			buildActionMask = 2147483647;
			files = (
				D3FCA6842BDD4A4300DCA50F /* HomeScreen.swift in Sources */,
				D3FCA6892BDD50DC00DCA50F /* NearYouData.swift in Sources */,
				D3FCA6752BDD48AD00DCA50F /* ContentView.swift in Sources */,
				D3FCA6812BDD49FC00DCA50F /* OnboardingScreenView.swift in Sources */,
				D3FCA68B2BDD52C700DCA50F /* FruitCardView.swift in Sources */,
				D3FCA68D2BDD567400DCA50F /* DetailsView.swift in Sources */,
				D3FCA6872BDD50CF00DCA50F /* ImageData.swift in Sources */,
				D3FCA6732BDD48AD00DCA50F /* shoppingApp.swift in Sources */,
			);
			runOnlyForDeploymentPostprocessing = 0;
		};
/* End PBXSourcesBuildPhase section */

/* Begin XCBuildConfiguration section */
		D3FCA67B2BDD48AE00DCA50F /* Debug */ = {
			isa = XCBuildConfiguration;
			buildSettings = {
				ALWAYS_SEARCH_USER_PATHS = NO;
				ASSETCATALOG_COMPILER_GENERATE_SWIFT_ASSET_SYMBOL_EXTENSIONS = YES;
				CLANG_ANALYZER_NONNULL = YES;
				CLANG_ANALYZER_NUMBER_OBJECT_CONVERSION = YES_AGGRESSIVE;
				CLANG_CXX_LANGUAGE_STANDARD = "gnu++20";
				CLANG_ENABLE_MODULES = YES;
				CLANG_ENABLE_OBJC_ARC = YES;
				CLANG_ENABLE_OBJC_WEAK = YES;
				CLANG_WARN_BLOCK_CAPTURE_AUTORELEASING = YES;
				CLANG_WARN_BOOL_CONVERSION = YES;
				CLANG_WARN_COMMA = YES;
				CLANG_WARN_CONSTANT_CONVERSION = YES;
				CLANG_WARN_DEPRECATED_OBJC_IMPLEMENTATIONS = YES;
				CLANG_WARN_DIRECT_OBJC_ISA_USAGE = YES_ERROR;
				CLANG_WARN_DOCUMENTATION_COMMENTS = YES;
				CLANG_WARN_EMPTY_BODY = YES;
				CLANG_WARN_ENUM_CONVERSION = YES;
				CLANG_WARN_INFINITE_RECURSION = YES;
				CLANG_WARN_INT_CONVERSION = YES;
				CLANG_WARN_NON_LITERAL_NULL_CONVERSION = YES;
				CLANG_WARN_OBJC_IMPLICIT_RETAIN_SELF = YES;
				CLANG_WARN_OBJC_LITERAL_CONVERSION = YES;
				CLANG_WARN_OBJC_ROOT_CLASS = YES_ERROR;
				CLANG_WARN_QUOTED_INCLUDE_IN_FRAMEWORK_HEADER = YES;
				CLANG_WARN_RANGE_LOOP_ANALYSIS = YES;
				CLANG_WARN_STRICT_PROTOTYPES = YES;
				CLANG_WARN_SUSPICIOUS_MOVE = YES;
				CLANG_WARN_UNGUARDED_AVAILABILITY = YES_AGGRESSIVE;
				CLANG_WARN_UNREACHABLE_CODE = YES;
				CLANG_WARN__DUPLICATE_METHOD_MATCH = YES;
				COPY_PHASE_STRIP = NO;
				DEBUG_INFORMATION_FORMAT = dwarf;
				ENABLE_STRICT_OBJC_MSGSEND = YES;
				ENABLE_TESTABILITY = YES;
				ENABLE_USER_SCRIPT_SANDBOXING = YES;
				GCC_C_LANGUAGE_STANDARD = gnu17;
				GCC_DYNAMIC_NO_PIC = NO;
				GCC_NO_COMMON_BLOCKS = YES;
				GCC_OPTIMIZATION_LEVEL = 0;
				GCC_PREPROCESSOR_DEFINITIONS = (
					"DEBUG=1",
					"$(inherited)",
				);
				GCC_WARN_64_TO_32_BIT_CONVERSION = YES;
				GCC_WARN_ABOUT_RETURN_TYPE = YES_ERROR;
				GCC_WARN_UNDECLARED_SELECTOR = YES;
				GCC_WARN_UNINITIALIZED_AUTOS = YES_AGGRESSIVE;
				GCC_WARN_UNUSED_FUNCTION = YES;
				GCC_WARN_UNUSED_VARIABLE = YES;
				IPHONEOS_DEPLOYMENT_TARGET = 17.4;
				LOCALIZATION_PREFERS_STRING_CATALOGS = YES;
				MTL_ENABLE_DEBUG_INFO = INCLUDE_SOURCE;
				MTL_FAST_MATH = YES;
				ONLY_ACTIVE_ARCH = YES;
				SDKROOT = iphoneos;
				SWIFT_ACTIVE_COMPILATION_CONDITIONS = "DEBUG $(inherited)";
				SWIFT_OPTIMIZATION_LEVEL = "-Onone";
			};
			name = Debug;
		};
		D3FCA67C2BDD48AE00DCA50F /* Release */ = {
			isa = XCBuildConfiguration;
			buildSettings = {
				ALWAYS_SEARCH_USER_PATHS = NO;
				ASSETCATALOG_COMPILER_GENERATE_SWIFT_ASSET_SYMBOL_EXTENSIONS = YES;
				CLANG_ANALYZER_NONNULL = YES;
				CLANG_ANALYZER_NUMBER_OBJECT_CONVERSION = YES_AGGRESSIVE;
				CLANG_CXX_LANGUAGE_STANDARD = "gnu++20";
				CLANG_ENABLE_MODULES = YES;
				CLANG_ENABLE_OBJC_ARC = YES;
				CLANG_ENABLE_OBJC_WEAK = YES;
				CLANG_WARN_BLOCK_CAPTURE_AUTORELEASING = YES;
				CLANG_WARN_BOOL_CONVERSION = YES;
				CLANG_WARN_COMMA = YES;
				CLANG_WARN_CONSTANT_CONVERSION = YES;
				CLANG_WARN_DEPRECATED_OBJC_IMPLEMENTATIONS = YES;
				CLANG_WARN_DIRECT_OBJC_ISA_USAGE = YES_ERROR;
				CLANG_WARN_DOCUMENTATION_COMMENTS = YES;
				CLANG_WARN_EMPTY_BODY = YES;
				CLANG_WARN_ENUM_CONVERSION = YES;
				CLANG_WARN_INFINITE_RECURSION = YES;
				CLANG_WARN_INT_CONVERSION = YES;
				CLANG_WARN_NON_LITERAL_NULL_CONVERSION = YES;
				CLANG_WARN_OBJC_IMPLICIT_RETAIN_SELF = YES;
				CLANG_WARN_OBJC_LITERAL_CONVERSION = YES;
				CLANG_WARN_OBJC_ROOT_CLASS = YES_ERROR;
				CLANG_WARN_QUOTED_INCLUDE_IN_FRAMEWORK_HEADER = YES;
				CLANG_WARN_RANGE_LOOP_ANALYSIS = YES;
				CLANG_WARN_STRICT_PROTOTYPES = YES;
				CLANG_WARN_SUSPICIOUS_MOVE = YES;
				CLANG_WARN_UNGUARDED_AVAILABILITY = YES_AGGRESSIVE;
				CLANG_WARN_UNREACHABLE_CODE = YES;
				CLANG_WARN__DUPLICATE_METHOD_MATCH = YES;
				COPY_PHASE_STRIP = NO;
				DEBUG_INFORMATION_FORMAT = "dwarf-with-dsym";
				ENABLE_NS_ASSERTIONS = NO;
				ENABLE_STRICT_OBJC_MSGSEND = YES;
				ENABLE_USER_SCRIPT_SANDBOXING = YES;
				GCC_C_LANGUAGE_STANDARD = gnu17;
				GCC_NO_COMMON_BLOCKS = YES;
				GCC_WARN_64_TO_32_BIT_CONVERSION = YES;
				GCC_WARN_ABOUT_RETURN_TYPE = YES_ERROR;
				GCC_WARN_UNDECLARED_SELECTOR = YES;
				GCC_WARN_UNINITIALIZED_AUTOS = YES_AGGRESSIVE;
				GCC_WARN_UNUSED_FUNCTION = YES;
				GCC_WARN_UNUSED_VARIABLE = YES;
				IPHONEOS_DEPLOYMENT_TARGET = 17.4;
				LOCALIZATION_PREFERS_STRING_CATALOGS = YES;
				MTL_ENABLE_DEBUG_INFO = NO;
				MTL_FAST_MATH = YES;
				SDKROOT = iphoneos;
				SWIFT_COMPILATION_MODE = wholemodule;
				VALIDATE_PRODUCT = YES;
			};
			name = Release;
		};
		D3FCA67E2BDD48AE00DCA50F /* Debug */ = {
			isa = XCBuildConfiguration;
			buildSettings = {
				ASSETCATALOG_COMPILER_APPICON_NAME = AppIcon;
				ASSETCATALOG_COMPILER_GLOBAL_ACCENT_COLOR_NAME = AccentColor;
				CODE_SIGN_STYLE = Automatic;
				CURRENT_PROJECT_VERSION = 1;
				DEVELOPMENT_ASSET_PATHS = "\"shopping/Preview Content\"";
				ENABLE_PREVIEWS = YES;
				GENERATE_INFOPLIST_FILE = YES;
				INFOPLIST_KEY_UIApplicationSceneManifest_Generation = YES;
				INFOPLIST_KEY_UIApplicationSupportsIndirectInputEvents = YES;
				INFOPLIST_KEY_UILaunchScreen_Generation = YES;
				INFOPLIST_KEY_UISupportedInterfaceOrientations_iPad = "UIInterfaceOrientationPortrait UIInterfaceOrientationPortraitUpsideDown UIInterfaceOrientationLandscapeLeft UIInterfaceOrientationLandscapeRight";
				INFOPLIST_KEY_UISupportedInterfaceOrientations_iPhone = "UIInterfaceOrientationPortrait UIInterfaceOrientationLandscapeLeft UIInterfaceOrientationLandscapeRight";
				LD_RUNPATH_SEARCH_PATHS = (
					"$(inherited)",
					"@executable_path/Frameworks",
				);
				MARKETING_VERSION = 1.0;
				PRODUCT_BUNDLE_IDENTIFIER = com.yashrawat.shopping;
				PRODUCT_NAME = "$(TARGET_NAME)";
				SWIFT_EMIT_LOC_STRINGS = YES;
				SWIFT_VERSION = 5.0;
				TARGETED_DEVICE_FAMILY = "1,2";
			};
			name = Debug;
		};
		D3FCA67F2BDD48AE00DCA50F /* Release */ = {
			isa = XCBuildConfiguration;
			buildSettings = {
				ASSETCATALOG_COMPILER_APPICON_NAME = AppIcon;
				ASSETCATALOG_COMPILER_GLOBAL_ACCENT_COLOR_NAME = AccentColor;
				CODE_SIGN_STYLE = Automatic;
				CURRENT_PROJECT_VERSION = 1;
				DEVELOPMENT_ASSET_PATHS = "\"shopping/Preview Content\"";
				ENABLE_PREVIEWS = YES;
				GENERATE_INFOPLIST_FILE = YES;
				INFOPLIST_KEY_UIApplicationSceneManifest_Generation = YES;
				INFOPLIST_KEY_UIApplicationSupportsIndirectInputEvents = YES;
				INFOPLIST_KEY_UILaunchScreen_Generation = YES;
				INFOPLIST_KEY_UISupportedInterfaceOrientations_iPad = "UIInterfaceOrientationPortrait UIInterfaceOrientationPortraitUpsideDown UIInterfaceOrientationLandscapeLeft UIInterfaceOrientationLandscapeRight";
				INFOPLIST_KEY_UISupportedInterfaceOrientations_iPhone = "UIInterfaceOrientationPortrait UIInterfaceOrientationLandscapeLeft UIInterfaceOrientationLandscapeRight";
				LD_RUNPATH_SEARCH_PATHS = (
					"$(inherited)",
					"@executable_path/Frameworks",
				);
				MARKETING_VERSION = 1.0;
				PRODUCT_BUNDLE_IDENTIFIER = com.yashrawat.shopping;
				PRODUCT_NAME = "$(TARGET_NAME)";
				SWIFT_EMIT_LOC_STRINGS = YES;
				SWIFT_VERSION = 5.0;
				TARGETED_DEVICE_FAMILY = "1,2";
			};
			name = Release;
		};
/* End XCBuildConfiguration section */

/* Begin XCConfigurationList section */
		D3FCA66A2BDD48AD00DCA50F /* Build configuration list for PBXProject "shopping" */ = {
			isa = XCConfigurationList;
			buildConfigurations = (
				D3FCA67B2BDD48AE00DCA50F /* Debug */,
				D3FCA67C2BDD48AE00DCA50F /* Release */,
			);
			defaultConfigurationIsVisible = 0;
			defaultConfigurationName = Release;
		};
		D3FCA67D2BDD48AE00DCA50F /* Build configuration list for PBXNativeTarget "shopping" */ = {
			isa = XCConfigurationList;
			buildConfigurations = (
				D3FCA67E2BDD48AE00DCA50F /* Debug */,
				D3FCA67F2BDD48AE00DCA50F /* Release */,
			);
			defaultConfigurationIsVisible = 0;
			defaultConfigurationName = Release;
		};
/* End XCConfigurationList section */
	};
	rootObject = D3FCA6672BDD48AD00DCA50F /* Project object */;
}
